github.com/gorilla/mux v1.7.4 h1:VuZ8uybHlWmqV03+zRzdwKL4tUnIp1MAQtp1mIFE1bc=
github.com/gorilla/mux v1.7.4/go.mod h1:DVbg23sWSpFRCP0SfiEN6jmj59UnW/n46BH5rLB71So=
github.com/mikeflynn/go-alexa v0.0.0-20200203063806-e9429f48d7b6 h1:3ai789JPsf3Emv0VmUxEgihNwSboK8hqL4N/NSPuysg=
github.com/mikeflynn/go-alexa v0.0.0-20200203063806-e9429f48d7b6/go.mod h1:DFVRQFshZz/vfj7i8nu+qGq3/ipm2Uq4hMb1jdMaQyw=
github.com/urfave/negroni v1.0.0 h1:kIimOitoypq34K7TG7DUaJ9kq/N4Ofuwi1sjz0KipXc=
github.com/urfave/negroni v1.0.0/go.mod h1:Meg73S6kFm/4PpbYdq35yYWoCZ9mS/YSx+lKnmiohz4=
